
Microsoft Visual Studio Solution File, Format Version 12.00
# Visual Studio Version 17
VisualStudioVersion = 17.13.35825.156 d17.13
MinimumVisualStudioVersion = 10.0.40219.1
Project("{FAE04EC0-301F-11D3-BF4B-00C04F79EFBC}") = "IntegralCalculatorApp", "IntegralCalculatorApp\IntegralCalculatorApp.csproj", "{AF5B3C06-746C-4738-84C7-611397DF97E2}"
EndProject
Global
	GlobalSection(SolutionConfigurationPlatforms) = preSolution
		Debug|Any CPU = Debug|Any CPU
		Release|Any CPU = Release|Any CPU
	EndGlobalSection
	GlobalSection(ProjectConfigurationPlatforms) = postSolution
		{AF5B3C06-746C-4738-84C7-611397DF97E2}.Debug|Any CPU.ActiveCfg = Debug|Any CPU
		{AF5B3C06-746C-4738-84C7-611397DF97E2}.Debug|Any CPU.Build.0 = Debug|Any CPU
		{AF5B3C06-746C-4738-84C7-611397DF97E2}.Release|Any CPU.ActiveCfg = Release|Any CPU
		{AF5B3C06-746C-4738-84C7-611397DF97E2}.Release|Any CPU.Build.0 = Release|Any CPU
	EndGlobalSection
	GlobalSection(SolutionProperties) = preSolution
		HideSolutionNode = FALSE
	EndGlobalSection
	GlobalSection(ExtensibilityGlobals) = postSolution
		SolutionGuid = {2788BC6D-1826-4611-85CD-E04A1D061DB2}
	EndGlobalSection
EndGlobal
