
Microsoft Visual Studio Solution File, Format Version 12.00
# Visual Studio Version 17
VisualStudioVersion = 17.5.33516.290
MinimumVisualStudioVersion = 10.0.40219.1
Project("{FAE04EC0-301F-11D3-BF4B-00C04F79EFBC}") = "ThreadsExamples", "ThreadsExamples\ThreadsExamples.csproj", "{45023836-EE2A-45A7-A0CC-4A1DF7C02A2D}"
EndProject
Global
	GlobalSection(SolutionConfigurationPlatforms) = preSolution
		Debug|Any CPU = Debug|Any CPU
		Release|Any CPU = Release|Any CPU
	EndGlobalSection
	GlobalSection(ProjectConfigurationPlatforms) = postSolution
		{45023836-EE2A-45A7-A0CC-4A1DF7C02A2D}.Debug|Any CPU.ActiveCfg = Debug|Any CPU
		{45023836-EE2A-45A7-A0CC-4A1DF7C02A2D}.Debug|Any CPU.Build.0 = Debug|Any CPU
		{45023836-EE2A-45A7-A0CC-4A1DF7C02A2D}.Release|Any CPU.ActiveCfg = Release|Any CPU
		{45023836-EE2A-45A7-A0CC-4A1DF7C02A2D}.Release|Any CPU.Build.0 = Release|Any CPU
	EndGlobalSection
	GlobalSection(SolutionProperties) = preSolution
		HideSolutionNode = FALSE
	EndGlobalSection
	GlobalSection(ExtensibilityGlobals) = postSolution
		SolutionGuid = {44B55F7E-97CB-4F3B-9C9B-466625D15AD3}
	EndGlobalSection
EndGlobal
