
Microsoft Visual Studio Solution File, Format Version 12.00
# Visual Studio Version 17
VisualStudioVersion = 17.9.34607.119
MinimumVisualStudioVersion = 10.0.40219.1
Project("{FAE04EC0-301F-11D3-BF4B-00C04F79EFBC}") = "GameExample", "GameExample\GameExample.csproj", "{73008EE2-98EE-4BFA-8BC2-2F5319ADFE84}"
EndProject
Global
	GlobalSection(SolutionConfigurationPlatforms) = preSolution
		Debug|Any CPU = Debug|Any CPU
		Release|Any CPU = Release|Any CPU
	EndGlobalSection
	GlobalSection(ProjectConfigurationPlatforms) = postSolution
		{73008EE2-98EE-4BFA-8BC2-2F5319ADFE84}.Debug|Any CPU.ActiveCfg = Debug|Any CPU
		{73008EE2-98EE-4BFA-8BC2-2F5319ADFE84}.Debug|Any CPU.Build.0 = Debug|Any CPU
		{73008EE2-98EE-4BFA-8BC2-2F5319ADFE84}.Release|Any CPU.ActiveCfg = Release|Any CPU
		{73008EE2-98EE-4BFA-8BC2-2F5319ADFE84}.Release|Any CPU.Build.0 = Release|Any CPU
	EndGlobalSection
	GlobalSection(SolutionProperties) = preSolution
		HideSolutionNode = FALSE
	EndGlobalSection
	GlobalSection(ExtensibilityGlobals) = postSolution
		SolutionGuid = {DAC807CF-29B6-4D68-87A7-7422152D1577}
	EndGlobalSection
EndGlobal
