
Microsoft Visual Studio Solution File, Format Version 12.00
# Visual Studio Version 17
VisualStudioVersion = 17.4.33110.190
MinimumVisualStudioVersion = 10.0.40219.1
Project("{9A19103F-16F7-4668-BE54-9A1E7A4F7556}") = "AirplaneGame", "AirplaneGame.csproj", "{CEF06C73-1A2D-4DE2-A524-6A828A30458E}"
EndProject
Global
	GlobalSection(SolutionConfigurationPlatforms) = preSolution
		Debug|Any CPU = Debug|Any CPU
		Release|Any CPU = Release|Any CPU
	EndGlobalSection
	GlobalSection(ProjectConfigurationPlatforms) = postSolution
		{CEF06C73-1A2D-4DE2-A524-6A828A30458E}.Debug|Any CPU.ActiveCfg = Debug|Any CPU
		{CEF06C73-1A2D-4DE2-A524-6A828A30458E}.Debug|Any CPU.Build.0 = Debug|Any CPU
		{CEF06C73-1A2D-4DE2-A524-6A828A30458E}.Release|Any CPU.ActiveCfg = Release|Any CPU
		{CEF06C73-1A2D-4DE2-A524-6A828A30458E}.Release|Any CPU.Build.0 = Release|Any CPU
	EndGlobalSection
	GlobalSection(SolutionProperties) = preSolution
		HideSolutionNode = FALSE
	EndGlobalSection
	GlobalSection(ExtensibilityGlobals) = postSolution
		SolutionGuid = {C9B90843-9F98-4522-A13C-1A13280BDB75}
	EndGlobalSection
EndGlobal
