
Microsoft Visual Studio Solution File, Format Version 12.00
# Visual Studio Version 17
VisualStudioVersion = 17.5.33516.290
MinimumVisualStudioVersion = 10.0.40219.1
Project("{FAE04EC0-301F-11D3-BF4B-00C04F79EFBC}") = "RegexExamples", "RegexExamples\RegexExamples.csproj", "{EE166F9F-FEF6-412C-AF40-E5A90A3B17FF}"
EndProject
Global
	GlobalSection(SolutionConfigurationPlatforms) = preSolution
		Debug|Any CPU = Debug|Any CPU
		Release|Any CPU = Release|Any CPU
	EndGlobalSection
	GlobalSection(ProjectConfigurationPlatforms) = postSolution
		{EE166F9F-FEF6-412C-AF40-E5A90A3B17FF}.Debug|Any CPU.ActiveCfg = Debug|Any CPU
		{EE166F9F-FEF6-412C-AF40-E5A90A3B17FF}.Debug|Any CPU.Build.0 = Debug|Any CPU
		{EE166F9F-FEF6-412C-AF40-E5A90A3B17FF}.Release|Any CPU.ActiveCfg = Release|Any CPU
		{EE166F9F-FEF6-412C-AF40-E5A90A3B17FF}.Release|Any CPU.Build.0 = Release|Any CPU
	EndGlobalSection
	GlobalSection(SolutionProperties) = preSolution
		HideSolutionNode = FALSE
	EndGlobalSection
	GlobalSection(ExtensibilityGlobals) = postSolution
		SolutionGuid = {840CB317-C0BA-4456-9021-8B83D72DB914}
	EndGlobalSection
EndGlobal
