
Microsoft Visual Studio Solution File, Format Version 12.00
# Visual Studio Version 17
VisualStudioVersion = 17.8.34316.72
MinimumVisualStudioVersion = 10.0.40219.1
Project("{FAE04EC0-301F-11D3-BF4B-00C04F79EFBC}") = "WideSearch", "WideSearch\WideSearch.csproj", "{9061CF30-AF1A-484D-BF3C-005E6CAD8083}"
EndProject
Global
	GlobalSection(SolutionConfigurationPlatforms) = preSolution
		Debug|Any CPU = Debug|Any CPU
		Release|Any CPU = Release|Any CPU
	EndGlobalSection
	GlobalSection(ProjectConfigurationPlatforms) = postSolution
		{9061CF30-AF1A-484D-BF3C-005E6CAD8083}.Debug|Any CPU.ActiveCfg = Debug|Any CPU
		{9061CF30-AF1A-484D-BF3C-005E6CAD8083}.Debug|Any CPU.Build.0 = Debug|Any CPU
		{9061CF30-AF1A-484D-BF3C-005E6CAD8083}.Release|Any CPU.ActiveCfg = Release|Any CPU
		{9061CF30-AF1A-484D-BF3C-005E6CAD8083}.Release|Any CPU.Build.0 = Release|Any CPU
	EndGlobalSection
	GlobalSection(SolutionProperties) = preSolution
		HideSolutionNode = FALSE
	EndGlobalSection
	GlobalSection(ExtensibilityGlobals) = postSolution
		SolutionGuid = {6DA71FF8-DC5A-4666-AFBA-E35D289895E2}
	EndGlobalSection
EndGlobal
