
Microsoft Visual Studio Solution File, Format Version 12.00
# Visual Studio Version 17
VisualStudioVersion = 17.8.34309.116
MinimumVisualStudioVersion = 10.0.40219.1
Project("{FAE04EC0-301F-11D3-BF4B-00C04F79EFBC}") = "Patterns", "Patterns\Patterns.csproj", "{AE15CC99-B950-4721-9551-A6342F71BC27}"
EndProject
Global
	GlobalSection(SolutionConfigurationPlatforms) = preSolution
		Debug|Any CPU = Debug|Any CPU
		Release|Any CPU = Release|Any CPU
	EndGlobalSection
	GlobalSection(ProjectConfigurationPlatforms) = postSolution
		{AE15CC99-B950-4721-9551-A6342F71BC27}.Debug|Any CPU.ActiveCfg = Debug|Any CPU
		{AE15CC99-B950-4721-9551-A6342F71BC27}.Debug|Any CPU.Build.0 = Debug|Any CPU
		{AE15CC99-B950-4721-9551-A6342F71BC27}.Release|Any CPU.ActiveCfg = Release|Any CPU
		{AE15CC99-B950-4721-9551-A6342F71BC27}.Release|Any CPU.Build.0 = Release|Any CPU
	EndGlobalSection
	GlobalSection(SolutionProperties) = preSolution
		HideSolutionNode = FALSE
	EndGlobalSection
	GlobalSection(ExtensibilityGlobals) = postSolution
		SolutionGuid = {6BE7FDD3-2304-41EC-A17B-E5D74FEAEDB8}
	EndGlobalSection
EndGlobal
