
Microsoft Visual Studio Solution File, Format Version 12.00
# Visual Studio Version 17
VisualStudioVersion = 17.13.35825.156 d17.13
MinimumVisualStudioVersion = 10.0.40219.1
Project("{FAE04EC0-301F-11D3-BF4B-00C04F79EFBC}") = "GuessNumberGame", "GuessNumberGame\GuessNumberGame.csproj", "{77B7701F-DD10-41C2-8939-38993BF09F3B}"
EndProject
Global
	GlobalSection(SolutionConfigurationPlatforms) = preSolution
		Debug|Any CPU = Debug|Any CPU
		Release|Any CPU = Release|Any CPU
	EndGlobalSection
	GlobalSection(ProjectConfigurationPlatforms) = postSolution
		{77B7701F-DD10-41C2-8939-38993BF09F3B}.Debug|Any CPU.ActiveCfg = Debug|Any CPU
		{77B7701F-DD10-41C2-8939-38993BF09F3B}.Debug|Any CPU.Build.0 = Debug|Any CPU
		{77B7701F-DD10-41C2-8939-38993BF09F3B}.Release|Any CPU.ActiveCfg = Release|Any CPU
		{77B7701F-DD10-41C2-8939-38993BF09F3B}.Release|Any CPU.Build.0 = Release|Any CPU
	EndGlobalSection
	GlobalSection(SolutionProperties) = preSolution
		HideSolutionNode = FALSE
	EndGlobalSection
	GlobalSection(ExtensibilityGlobals) = postSolution
		SolutionGuid = {6FA876E0-7849-4C5B-ADBB-BE87A89C03FE}
	EndGlobalSection
EndGlobal
