
Microsoft Visual Studio Solution File, Format Version 12.00
# Visual Studio Version 17
VisualStudioVersion = 17.13.35825.156 d17.13
MinimumVisualStudioVersion = 10.0.40219.1
Project("{FAE04EC0-301F-11D3-BF4B-00C04F79EFBC}") = "ConsoleApp3", "ConsoleApp3\ConsoleApp3.csproj", "{F2C6BE8B-271A-4FD4-9A5A-E0C8FB94A4CA}"
EndProject
Global
	GlobalSection(SolutionConfigurationPlatforms) = preSolution
		Debug|Any CPU = Debug|Any CPU
		Release|Any CPU = Release|Any CPU
	EndGlobalSection
	GlobalSection(ProjectConfigurationPlatforms) = postSolution
		{F2C6BE8B-271A-4FD4-9A5A-E0C8FB94A4CA}.Debug|Any CPU.ActiveCfg = Debug|Any CPU
		{F2C6BE8B-271A-4FD4-9A5A-E0C8FB94A4CA}.Debug|Any CPU.Build.0 = Debug|Any CPU
		{F2C6BE8B-271A-4FD4-9A5A-E0C8FB94A4CA}.Release|Any CPU.ActiveCfg = Release|Any CPU
		{F2C6BE8B-271A-4FD4-9A5A-E0C8FB94A4CA}.Release|Any CPU.Build.0 = Release|Any CPU
	EndGlobalSection
	GlobalSection(SolutionProperties) = preSolution
		HideSolutionNode = FALSE
	EndGlobalSection
	GlobalSection(ExtensibilityGlobals) = postSolution
		SolutionGuid = {3AF7C052-8418-4D55-8750-A2D62C233C32}
	EndGlobalSection
EndGlobal
