
Microsoft Visual Studio Solution File, Format Version 12.00
# Visual Studio Version 17
VisualStudioVersion = 17.5.33516.290
MinimumVisualStudioVersion = 10.0.40219.1
Project("{FAE04EC0-301F-11D3-BF4B-00C04F79EFBC}") = "EntityExample", "EntityExample\EntityExample.csproj", "{BC9E91EB-E1DF-4E87-86D5-783739873272}"
EndProject
Global
	GlobalSection(SolutionConfigurationPlatforms) = preSolution
		Debug|Any CPU = Debug|Any CPU
		Release|Any CPU = Release|Any CPU
	EndGlobalSection
	GlobalSection(ProjectConfigurationPlatforms) = postSolution
		{BC9E91EB-E1DF-4E87-86D5-783739873272}.Debug|Any CPU.ActiveCfg = Debug|Any CPU
		{BC9E91EB-E1DF-4E87-86D5-783739873272}.Debug|Any CPU.Build.0 = Debug|Any CPU
		{BC9E91EB-E1DF-4E87-86D5-783739873272}.Release|Any CPU.ActiveCfg = Release|Any CPU
		{BC9E91EB-E1DF-4E87-86D5-783739873272}.Release|Any CPU.Build.0 = Release|Any CPU
	EndGlobalSection
	GlobalSection(SolutionProperties) = preSolution
		HideSolutionNode = FALSE
	EndGlobalSection
	GlobalSection(ExtensibilityGlobals) = postSolution
		SolutionGuid = {03E63D5B-1134-4492-85DC-3E499A05D71A}
	EndGlobalSection
EndGlobal
