
Microsoft Visual Studio Solution File, Format Version 12.00
# Visual Studio Version 17
VisualStudioVersion = 17.8.34330.188
MinimumVisualStudioVersion = 10.0.40219.1
Project("{FAE04EC0-301F-11D3-BF4B-00C04F79EFBC}") = "PictureBoxExample", "PictureBoxExample\PictureBoxExample.csproj", "{11DD29ED-A9DC-4697-AAF3-2A61DA761C59}"
EndProject
Global
	GlobalSection(SolutionConfigurationPlatforms) = preSolution
		Debug|Any CPU = Debug|Any CPU
		Release|Any CPU = Release|Any CPU
	EndGlobalSection
	GlobalSection(ProjectConfigurationPlatforms) = postSolution
		{11DD29ED-A9DC-4697-AAF3-2A61DA761C59}.Debug|Any CPU.ActiveCfg = Debug|Any CPU
		{11DD29ED-A9DC-4697-AAF3-2A61DA761C59}.Debug|Any CPU.Build.0 = Debug|Any CPU
		{11DD29ED-A9DC-4697-AAF3-2A61DA761C59}.Release|Any CPU.ActiveCfg = Release|Any CPU
		{11DD29ED-A9DC-4697-AAF3-2A61DA761C59}.Release|Any CPU.Build.0 = Release|Any CPU
	EndGlobalSection
	GlobalSection(SolutionProperties) = preSolution
		HideSolutionNode = FALSE
	EndGlobalSection
	GlobalSection(ExtensibilityGlobals) = postSolution
		SolutionGuid = {1AAF4D4E-413A-45A4-9C2D-A165A1EFAC5C}
	EndGlobalSection
EndGlobal
